// !$*UTF8*$!
{
	archiveVersion = 1;
	classes = {
	};
	objectVersion = 46;
	objects = {

/* Begin PBXBuildFile section */
		A2A50E6D18F7C34900A8F0F5 /* Foundation.framework in Frameworks */ = {isa = PBXBuildFile; fileRef = A2A50E6C18F7C34900A8F0F5 /* Foundation.framework */; };
		A2A50E6F18F7C34900A8F0F5 /* CoreGraphics.framework in Frameworks */ = {isa = PBXBuildFile; fileRef = A2A50E6E18F7C34900A8F0F5 /* CoreGraphics.framework */; };
		A2A50E7118F7C34900A8F0F5 /* UIKit.framework in Frameworks */ = {isa = PBXBuildFile; fileRef = A2A50E7018F7C34900A8F0F5 /* UIKit.framework */; };
		A2A50E7718F7C34900A8F0F5 /* InfoPlist.strings in Resources */ = {isa = PBXBuildFile; fileRef = A2A50E7518F7C34900A8F0F5 /* InfoPlist.strings */; };
		A2A50E7918F7C34900A8F0F5 /* main.m in Sources */ = {isa = PBXBuildFile; fileRef = A2A50E7818F7C34900A8F0F5 /* main.m */; };
		A2A50E7D18F7C34900A8F0F5 /* DIAppDelegate.m in Sources */ = {isa = PBXBuildFile; fileRef = A2A50E7C18F7C34900A8F0F5 /* DIAppDelegate.m */; };
		A2A50E8018F7C34900A8F0F5 /* Main.storyboard in Resources */ = {isa = PBXBuildFile; fileRef = A2A50E7E18F7C34900A8F0F5 /* Main.storyboard */; };
		A2A50E8318F7C34900A8F0F5 /* DIViewController.m in Sources */ = {isa = PBXBuildFile; fileRef = A2A50E8218F7C34900A8F0F5 /* DIViewController.m */; };
		A2A50E8518F7C34900A8F0F5 /* Images.xcassets in Resources */ = {isa = PBXBuildFile; fileRef = A2A50E8418F7C34900A8F0F5 /* Images.xcassets */; };
		A2A50E8C18F7C34900A8F0F5 /* XCTest.framework in Frameworks */ = {isa = PBXBuildFile; fileRef = A2A50E8B18F7C34900A8F0F5 /* XCTest.framework */; };
		A2A50E8D18F7C34900A8F0F5 /* Foundation.framework in Frameworks */ = {isa = PBXBuildFile; fileRef = A2A50E6C18F7C34900A8F0F5 /* Foundation.framework */; };
		A2A50E8E18F7C34900A8F0F5 /* UIKit.framework in Frameworks */ = {isa = PBXBuildFile; fileRef = A2A50E7018F7C34900A8F0F5 /* UIKit.framework */; };
		A2A50E9618F7C34900A8F0F5 /* InfoPlist.strings in Resources */ = {isa = PBXBuildFile; fileRef = A2A50E9418F7C34900A8F0F5 /* InfoPlist.strings */; };
		A2A50E9818F7C34900A8F0F5 /* Git_TestTests.m in Sources */ = {isa = PBXBuildFile; fileRef = A2A50E9718F7C34900A8F0F5 /* Git_TestTests.m */; };
		A2A50EA318F7C59D00A8F0F5 /* DITest.m in Sources */ = {isa = PBXBuildFile; fileRef = A2A50EA218F7C59D00A8F0F5 /* DITest.m */; };
/* End PBXBuildFile section */

/* Begin PBXContainerItemProxy section */
		A2A50E8F18F7C34900A8F0F5 /* PBXContainerItemProxy */ = {
			isa = PBXContainerItemProxy;
			containerPortal = A2A50E6118F7C34900A8F0F5 /* Project object */;
			proxyType = 1;
			remoteGlobalIDString = A2A50E6818F7C34900A8F0F5;
			remoteInfo = "Git Test";
		};
/* End PBXContainerItemProxy section */

/* Begin PBXFileReference section */
		A2A50E6918F7C34900A8F0F5 /* Git Test.app */ = {isa = PBXFileReference; explicitFileType = wrapper.application; includeInIndex = 0; path = "Git Test.app"; sourceTree = BUILT_PRODUCTS_DIR; };
		A2A50E6C18F7C34900A8F0F5 /* Foundation.framework */ = {isa = PBXFileReference; lastKnownFileType = wrapper.framework; name = Foundation.framework; path = System/Library/Frameworks/Foundation.framework; sourceTree = SDKROOT; };
		A2A50E6E18F7C34900A8F0F5 /* CoreGraphics.framework */ = {isa = PBXFileReference; lastKnownFileType = wrapper.framework; name = CoreGraphics.framework; path = System/Library/Frameworks/CoreGraphics.framework; sourceTree = SDKROOT; };
		A2A50E7018F7C34900A8F0F5 /* UIKit.framework */ = {isa = PBXFileReference; lastKnownFileType = wrapper.framework; name = UIKit.framework; path = System/Library/Frameworks/UIKit.framework; sourceTree = SDKROOT; };
		A2A50E7418F7C34900A8F0F5 /* Git Test-Info.plist */ = {isa = PBXFileReference; lastKnownFileType = text.plist.xml; path = "Git Test-Info.plist"; sourceTree = "<group>"; };
		A2A50E7618F7C34900A8F0F5 /* en */ = {isa = PBXFileReference; lastKnownFileType = text.plist.strings; name = en; path = en.lproj/InfoPlist.strings; sourceTree = "<group>"; };
		A2A50E7818F7C34900A8F0F5 /* main.m */ = {isa = PBXFileReference; lastKnownFileType = sourcecode.c.objc; path = main.m; sourceTree = "<group>"; };
		A2A50E7A18F7C34900A8F0F5 /* Git Test-Prefix.pch */ = {isa = PBXFileReference; lastKnownFileType = sourcecode.c.h; path = "Git Test-Prefix.pch"; sourceTree = "<group>"; };
		A2A50E7B18F7C34900A8F0F5 /* DIAppDelegate.h */ = {isa = PBXFileReference; lastKnownFileType = sourcecode.c.h; path = DIAppDelegate.h; sourceTree = "<group>"; };
		A2A50E7C18F7C34900A8F0F5 /* DIAppDelegate.m */ = {isa = PBXFileReference; lastKnownFileType = sourcecode.c.objc; path = DIAppDelegate.m; sourceTree = "<group>"; };
		A2A50E7F18F7C34900A8F0F5 /* Base */ = {isa = PBXFileReference; lastKnownFileType = file.storyboard; name = Base; path = Base.lproj/Main.storyboard; sourceTree = "<group>"; };
		A2A50E8118F7C34900A8F0F5 /* DIViewController.h */ = {isa = PBXFileReference; lastKnownFileType = sourcecode.c.h; path = DIViewController.h; sourceTree = "<group>"; };
		A2A50E8218F7C34900A8F0F5 /* DIViewController.m */ = {isa = PBXFileReference; lastKnownFileType = sourcecode.c.objc; path = DIViewController.m; sourceTree = "<group>"; };
		A2A50E8418F7C34900A8F0F5 /* Images.xcassets */ = {isa = PBXFileReference; lastKnownFileType = folder.assetcatalog; path = Images.xcassets; sourceTree = "<group>"; };
		A2A50E8A18F7C34900A8F0F5 /* Git TestTests.xctest */ = {isa = PBXFileReference; explicitFileType = wrapper.cfbundle; includeInIndex = 0; path = "Git TestTests.xctest"; sourceTree = BUILT_PRODUCTS_DIR; };
		A2A50E8B18F7C34900A8F0F5 /* XCTest.framework */ = {isa = PBXFileReference; lastKnownFileType = wrapper.framework; name = XCTest.framework; path = Library/Frameworks/XCTest.framework; sourceTree = DEVELOPER_DIR; };
		A2A50E9318F7C34900A8F0F5 /* Git TestTests-Info.plist */ = {isa = PBXFileReference; lastKnownFileType = text.plist.xml; path = "Git TestTests-Info.plist"; sourceTree = "<group>"; };
		A2A50E9518F7C34900A8F0F5 /* en */ = {isa = PBXFileReference; lastKnownFileType = text.plist.strings; name = en; path = en.lproj/InfoPlist.strings; sourceTree = "<group>"; };
		A2A50E9718F7C34900A8F0F5 /* Git_TestTests.m */ = {isa = PBXFileReference; lastKnownFileType = sourcecode.c.objc; path = Git_TestTests.m; sourceTree = "<group>"; };
		A2A50EA118F7C59D00A8F0F5 /* DITest.h */ = {isa = PBXFileReference; fileEncoding = 4; lastKnownFileType = sourcecode.c.h; path = DITest.h; sourceTree = "<group>"; };
		A2A50EA218F7C59D00A8F0F5 /* DITest.m */ = {isa = PBXFileReference; fileEncoding = 4; lastKnownFileType = sourcecode.c.objc; path = DITest.m; sourceTree = "<group>"; };
/* End PBXFileReference section */

/* Begin PBXFrameworksBuildPhase section */
		A2A50E6618F7C34900A8F0F5 /* Frameworks */ = {
			isa = PBXFrameworksBuildPhase;
			buildActionMask = 2147483647;
			files = (
				A2A50E6F18F7C34900A8F0F5 /* CoreGraphics.framework in Frameworks */,
				A2A50E7118F7C34900A8F0F5 /* UIKit.framework in Frameworks */,
				A2A50E6D18F7C34900A8F0F5 /* Foundation.framework in Frameworks */,
			);
			runOnlyForDeploymentPostprocessing = 0;
		};
		A2A50E8718F7C34900A8F0F5 /* Frameworks */ = {
			isa = PBXFrameworksBuildPhase;
			buildActionMask = 2147483647;
			files = (
				A2A50E8C18F7C34900A8F0F5 /* XCTest.framework in Frameworks */,
				A2A50E8E18F7C34900A8F0F5 /* UIKit.framework in Frameworks */,
				A2A50E8D18F7C34900A8F0F5 /* Foundation.framework in Frameworks */,
			);
			runOnlyForDeploymentPostprocessing = 0;
		};
/* End PBXFrameworksBuildPhase section */

/* Begin PBXGroup section */
		A2A50E6018F7C34900A8F0F5 = {
			isa = PBXGroup;
			children = (
				A2A50E7218F7C34900A8F0F5 /* Git Test */,
				A2A50E9118F7C34900A8F0F5 /* Git TestTests */,
				A2A50E6B18F7C34900A8F0F5 /* Frameworks */,
				A2A50E6A18F7C34900A8F0F5 /* Products */,
			);
			sourceTree = "<group>";
		};
		A2A50E6A18F7C34900A8F0F5 /* Products */ = {
			isa = PBXGroup;
			children = (
				A2A50E6918F7C34900A8F0F5 /* Git Test.app */,
				A2A50E8A18F7C34900A8F0F5 /* Git TestTests.xctest */,
			);
			name = Products;
			sourceTree = "<group>";
		};
		A2A50E6B18F7C34900A8F0F5 /* Frameworks */ = {
			isa = PBXGroup;
			children = (
				A2A50E6C18F7C34900A8F0F5 /* Foundation.framework */,
				A2A50E6E18F7C34900A8F0F5 /* CoreGraphics.framework */,
				A2A50E7018F7C34900A8F0F5 /* UIKit.framework */,
				A2A50E8B18F7C34900A8F0F5 /* XCTest.framework */,
			);
			name = Frameworks;
			sourceTree = "<group>";
		};
		A2A50E7218F7C34900A8F0F5 /* Git Test */ = {
			isa = PBXGroup;
			children = (
				A2A50E7B18F7C34900A8F0F5 /* DIAppDelegate.h */,
				A2A50E7C18F7C34900A8F0F5 /* DIAppDelegate.m */,
				A2A50EA118F7C59D00A8F0F5 /* DITest.h */,
				A2A50EA218F7C59D00A8F0F5 /* DITest.m */,
				A2A50E7E18F7C34900A8F0F5 /* Main.storyboard */,
				A2A50E8118F7C34900A8F0F5 /* DIViewController.h */,
				A2A50E8218F7C34900A8F0F5 /* DIViewController.m */,
				A2A50E8418F7C34900A8F0F5 /* Images.xcassets */,
				A2A50E7318F7C34900A8F0F5 /* Supporting Files */,
			);
			path = "Git Test";
			sourceTree = "<group>";
		};
		A2A50E7318F7C34900A8F0F5 /* Supporting Files */ = {
			isa = PBXGroup;
			children = (
				A2A50E7418F7C34900A8F0F5 /* Git Test-Info.plist */,
				A2A50E7518F7C34900A8F0F5 /* InfoPlist.strings */,
				A2A50E7818F7C34900A8F0F5 /* main.m */,
				A2A50E7A18F7C34900A8F0F5 /* Git Test-Prefix.pch */,
			);
			name = "Supporting Files";
			sourceTree = "<group>";
		};
		A2A50E9118F7C34900A8F0F5 /* Git TestTests */ = {
			isa = PBXGroup;
			children = (
				A2A50E9718F7C34900A8F0F5 /* Git_TestTests.m */,
				A2A50E9218F7C34900A8F0F5 /* Supporting Files */,
			);
			path = "Git TestTests";
			sourceTree = "<group>";
		};
		A2A50E9218F7C34900A8F0F5 /* Supporting Files */ = {
			isa = PBXGroup;
			children = (
				A2A50E9318F7C34900A8F0F5 /* Git TestTests-Info.plist */,
				A2A50E9418F7C34900A8F0F5 /* InfoPlist.strings */,
			);
			name = "Supporting Files";
			sourceTree = "<group>";
		};
/* End PBXGroup section */

/* Begin PBXNativeTarget section */
		A2A50E6818F7C34900A8F0F5 /* Git Test */ = {
			isa = PBXNativeTarget;
			buildConfigurationList = A2A50E9B18F7C34900A8F0F5 /* Build configuration list for PBXNativeTarget "Git Test" */;
			buildPhases = (
				A2A50E6518F7C34900A8F0F5 /* Sources */,
				A2A50E6618F7C34900A8F0F5 /* Frameworks */,
				A2A50E6718F7C34900A8F0F5 /* Resources */,
			);
			buildRules = (
			);
			dependencies = (
			);
			name = "Git Test";
			productName = "Git Test";
			productReference = A2A50E6918F7C34900A8F0F5 /* Git Test.app */;
			productType = "com.apple.product-type.application";
		};
		A2A50E8918F7C34900A8F0F5 /* Git TestTests */ = {
			isa = PBXNativeTarget;
			buildConfigurationList = A2A50E9E18F7C34900A8F0F5 /* Build configuration list for PBXNativeTarget "Git TestTests" */;
			buildPhases = (
				A2A50E8618F7C34900A8F0F5 /* Sources */,
				A2A50E8718F7C34900A8F0F5 /* Frameworks */,
				A2A50E8818F7C34900A8F0F5 /* Resources */,
			);
			buildRules = (
			);
			dependencies = (
				A2A50E9018F7C34900A8F0F5 /* PBXTargetDependency */,
			);
			name = "Git TestTests";
			productName = "Git TestTests";
			productReference = A2A50E8A18F7C34900A8F0F5 /* Git TestTests.xctest */;
			productType = "com.apple.product-type.bundle.unit-test";
		};
/* End PBXNativeTarget section */

/* Begin PBXProject section */
		A2A50E6118F7C34900A8F0F5 /* Project object */ = {
			isa = PBXProject;
			attributes = {
				CLASSPREFIX = DI;
				LastUpgradeCheck = 0510;
				ORGANIZATIONNAME = "Dynamite Investments";
				TargetAttributes = {
					A2A50E8918F7C34900A8F0F5 = {
						TestTargetID = A2A50E6818F7C34900A8F0F5;
					};
				};
			};
			buildConfigurationList = A2A50E6418F7C34900A8F0F5 /* Build configuration list for PBXProject "Git Test" */;
			compatibilityVersion = "Xcode 3.2";
			developmentRegion = English;
			hasScannedForEncodings = 0;
			knownRegions = (
				en,
				Base,
			);
			mainGroup = A2A50E6018F7C34900A8F0F5;
			productRefGroup = A2A50E6A18F7C34900A8F0F5 /* Products */;
			projectDirPath = "";
			projectRoot = "";
			targets = (
				A2A50E6818F7C34900A8F0F5 /* Git Test */,
				A2A50E8918F7C34900A8F0F5 /* Git TestTests */,
			);
		};
/* End PBXProject section */

/* Begin PBXResourcesBuildPhase section */
		A2A50E6718F7C34900A8F0F5 /* Resources */ = {
			isa = PBXResourcesBuildPhase;
			buildActionMask = 2147483647;
			files = (
				A2A50E8518F7C34900A8F0F5 /* Images.xcassets in Resources */,
				A2A50E7718F7C34900A8F0F5 /* InfoPlist.strings in Resources */,
				A2A50E8018F7C34900A8F0F5 /* Main.storyboard in Resources */,
			);
			runOnlyForDeploymentPostprocessing = 0;
		};
		A2A50E8818F7C34900A8F0F5 /* Resources */ = {
			isa = PBXResourcesBuildPhase;
			buildActionMask = 2147483647;
			files = (
				A2A50E9618F7C34900A8F0F5 /* InfoPlist.strings in Resources */,
			);
			runOnlyForDeploymentPostprocessing = 0;
		};
/* End PBXResourcesBuildPhase section */

/* Begin PBXSourcesBuildPhase section */
		A2A50E6518F7C34900A8F0F5 /* Sources */ = {
			isa = PBXSourcesBuildPhase;
			buildActionMask = 2147483647;
			files = (
				A2A50EA318F7C59D00A8F0F5 /* DITest.m in Sources */,
				A2A50E7918F7C34900A8F0F5 /* main.m in Sources */,
				A2A50E8318F7C34900A8F0F5 /* DIViewController.m in Sources */,
				A2A50E7D18F7C34900A8F0F5 /* DIAppDelegate.m in Sources */,
			);
			runOnlyForDeploymentPostprocessing = 0;
		};
		A2A50E8618F7C34900A8F0F5 /* Sources */ = {
			isa = PBXSourcesBuildPhase;
			buildActionMask = 2147483647;
			files = (
				A2A50E9818F7C34900A8F0F5 /* Git_TestTests.m in Sources */,
			);
			runOnlyForDeploymentPostprocessing = 0;
		};
/* End PBXSourcesBuildPhase section */

/* Begin PBXTargetDependency section */
		A2A50E9018F7C34900A8F0F5 /* PBXTargetDependency */ = {
			isa = PBXTargetDependency;
			target = A2A50E6818F7C34900A8F0F5 /* Git Test */;
			targetProxy = A2A50E8F18F7C34900A8F0F5 /* PBXContainerItemProxy */;
		};
/* End PBXTargetDependency section */

/* Begin PBXVariantGroup section */
		A2A50E7518F7C34900A8F0F5 /* InfoPlist.strings */ = {
			isa = PBXVariantGroup;
			children = (
				A2A50E7618F7C34900A8F0F5 /* en */,
			);
			name = InfoPlist.strings;
			sourceTree = "<group>";
		};
		A2A50E7E18F7C34900A8F0F5 /* Main.storyboard */ = {
			isa = PBXVariantGroup;
			children = (
				A2A50E7F18F7C34900A8F0F5 /* Base */,
			);
			name = Main.storyboard;
			sourceTree = "<group>";
		};
		A2A50E9418F7C34900A8F0F5 /* InfoPlist.strings */ = {
			isa = PBXVariantGroup;
			children = (
				A2A50E9518F7C34900A8F0F5 /* en */,
			);
			name = InfoPlist.strings;
			sourceTree = "<group>";
		};
/* End PBXVariantGroup section */

/* Begin XCBuildConfiguration section */
		A2A50E9918F7C34900A8F0F5 /* Debug */ = {
			isa = XCBuildConfiguration;
			buildSettings = {
				ALWAYS_SEARCH_USER_PATHS = NO;
				CLANG_CXX_LANGUAGE_STANDARD = "gnu++0x";
				CLANG_CXX_LIBRARY = "libc++";
				CLANG_ENABLE_MODULES = YES;
				CLANG_ENABLE_OBJC_ARC = YES;
				CLANG_WARN_BOOL_CONVERSION = YES;
				CLANG_WARN_CONSTANT_CONVERSION = YES;
				CLANG_WARN_DIRECT_OBJC_ISA_USAGE = YES_ERROR;
				CLANG_WARN_EMPTY_BODY = YES;
				CLANG_WARN_ENUM_CONVERSION = YES;
				CLANG_WARN_INT_CONVERSION = YES;
				CLANG_WARN_OBJC_ROOT_CLASS = YES_ERROR;
				CLANG_WARN__DUPLICATE_METHOD_MATCH = YES;
				"CODE_SIGN_IDENTITY[sdk=iphoneos*]" = "iPhone Developer";
				COPY_PHASE_STRIP = NO;
				GCC_C_LANGUAGE_STANDARD = gnu99;
				GCC_DYNAMIC_NO_PIC = NO;
				GCC_OPTIMIZATION_LEVEL = 0;
				GCC_PREPROCESSOR_DEFINITIONS = (
					"DEBUG=1",
					"$(inherited)",
				);
				GCC_SYMBOLS_PRIVATE_EXTERN = NO;
				GCC_WARN_64_TO_32_BIT_CONVERSION = YES;
				GCC_WARN_ABOUT_RETURN_TYPE = YES_ERROR;
				GCC_WARN_UNDECLARED_SELECTOR = YES;
				GCC_WARN_UNINITIALIZED_AUTOS = YES_AGGRESSIVE;
				GCC_WARN_UNUSED_FUNCTION = YES;
				GCC_WARN_UNUSED_VARIABLE = YES;
				IPHONEOS_DEPLOYMENT_TARGET = 7.1;
				ONLY_ACTIVE_ARCH = YES;
				SDKROOT = iphoneos;
			};
			name = Debug;
		};
		A2A50E9A18F7C34900A8F0F5 /* Release */ = {
			isa = XCBuildConfiguration;
			buildSettings = {
				ALWAYS_SEARCH_USER_PATHS = NO;
				CLANG_CXX_LANGUAGE_STANDARD = "gnu++0x";
				CLANG_CXX_LIBRARY = "libc++";
				CLANG_ENABLE_MODULES = YES;
				CLANG_ENABLE_OBJC_ARC = YES;
				CLANG_WARN_BOOL_CONVERSION = YES;
				CLANG_WARN_CONSTANT_CONVERSION = YES;
				CLANG_WARN_DIRECT_OBJC_ISA_USAGE = YES_ERROR;
				CLANG_WARN_EMPTY_BODY = YES;
				CLANG_WARN_ENUM_CONVERSION = YES;
				CLANG_WARN_INT_CONVERSION = YES;
				CLANG_WARN_OBJC_ROOT_CLASS = YES_ERROR;
				CLANG_WARN__DUPLICATE_METHOD_MATCH = YES;
				"CODE_SIGN_IDENTITY[sdk=iphoneos*]" = "iPhone Developer";
				COPY_PHASE_STRIP = YES;
				ENABLE_NS_ASSERTIONS = NO;
				GCC_C_LANGUAGE_STANDARD = gnu99;
				GCC_WARN_64_TO_32_BIT_CONVERSION = YES;
				GCC_WARN_ABOUT_RETURN_TYPE = YES_ERROR;
				GCC_WARN_UNDECLARED_SELECTOR = YES;
				GCC_WARN_UNINITIALIZED_AUTOS = YES_AGGRESSIVE;
				GCC_WARN_UNUSED_FUNCTION = YES;
				GCC_WARN_UNUSED_VARIABLE = YES;
				IPHONEOS_DEPLOYMENT_TARGET = 7.1;
				SDKROOT = iphoneos;
				VALIDATE_PRODUCT = YES;
			};
			name = Release;
		};
		A2A50E9C18F7C34900A8F0F5 /* Debug */ = {
			isa = XCBuildConfiguration;
			buildSettings = {
				ASSETCATALOG_COMPILER_APPICON_NAME = AppIcon;
				ASSETCATALOG_COMPILER_LAUNCHIMAGE_NAME = LaunchImage;
				GCC_PRECOMPILE_PREFIX_HEADER = YES;
				GCC_PREFIX_HEADER = "Git Test/Git Test-Prefix.pch";
				INFOPLIST_FILE = "Git Test/Git Test-Info.plist";
				PRODUCT_NAME = "$(TARGET_NAME)";
				WRAPPER_EXTENSION = app;
			};
			name = Debug;
		};
		A2A50E9D18F7C34900A8F0F5 /* Release */ = {
			isa = XCBuildConfiguration;
			buildSettings = {
				ASSETCATALOG_COMPILER_APPICON_NAME = AppIcon;
				ASSETCATALOG_COMPILER_LAUNCHIMAGE_NAME = LaunchImage;
				GCC_PRECOMPILE_PREFIX_HEADER = YES;
				GCC_PREFIX_HEADER = "Git Test/Git Test-Prefix.pch";
				INFOPLIST_FILE = "Git Test/Git Test-Info.plist";
				PRODUCT_NAME = "$(TARGET_NAME)";
				WRAPPER_EXTENSION = app;
			};
			name = Release;
		};
		A2A50E9F18F7C34900A8F0F5 /* Debug */ = {
			isa = XCBuildConfiguration;
			buildSettings = {
				BUNDLE_LOADER = "$(BUILT_PRODUCTS_DIR)/Git Test.app/Git Test";
				FRAMEWORK_SEARCH_PATHS = (
					"$(SDKROOT)/Developer/Library/Frameworks",
					"$(inherited)",
					"$(DEVELOPER_FRAMEWORKS_DIR)",
				);
				GCC_PRECOMPILE_PREFIX_HEADER = YES;
				GCC_PREFIX_HEADER = "Git Test/Git Test-Prefix.pch";
				GCC_PREPROCESSOR_DEFINITIONS = (
					"DEBUG=1",
					"$(inherited)",
				);
				INFOPLIST_FILE = "Git TestTests/Git TestTests-Info.plist";
				PRODUCT_NAME = "$(TARGET_NAME)";
				TEST_HOST = "$(BUNDLE_LOADER)";
				WRAPPER_EXTENSION = xctest;
			};
			name = Debug;
		};
		A2A50EA018F7C34900A8F0F5 /* Release */ = {
			isa = XCBuildConfiguration;
			buildSettings = {
				BUNDLE_LOADER = "$(BUILT_PRODUCTS_DIR)/Git Test.app/Git Test";
				FRAMEWORK_SEARCH_PATHS = (
					"$(SDKROOT)/Developer/Library/Frameworks",
					"$(inherited)",
					"$(DEVELOPER_FRAMEWORKS_DIR)",
				);
				GCC_PRECOMPILE_PREFIX_HEADER = YES;
				GCC_PREFIX_HEADER = "Git Test/Git Test-Prefix.pch";
				INFOPLIST_FILE = "Git TestTests/Git TestTests-Info.plist";
				PRODUCT_NAME = "$(TARGET_NAME)";
				TEST_HOST = "$(BUNDLE_LOADER)";
				WRAPPER_EXTENSION = xctest;
			};
			name = Release;
		};
/* End XCBuildConfiguration section */

/* Begin XCConfigurationList section */
		A2A50E6418F7C34900A8F0F5 /* Build configuration list for PBXProject "Git Test" */ = {
			isa = XCConfigurationList;
			buildConfigurations = (
				A2A50E9918F7C34900A8F0F5 /* Debug */,
				A2A50E9A18F7C34900A8F0F5 /* Release */,
			);
			defaultConfigurationIsVisible = 0;
			defaultConfigurationName = Release;
		};
		A2A50E9B18F7C34900A8F0F5 /* Build configuration list for PBXNativeTarget "Git Test" */ = {
			isa = XCConfigurationList;
			buildConfigurations = (
				A2A50E9C18F7C34900A8F0F5 /* Debug */,
				A2A50E9D18F7C34900A8F0F5 /* Release */,
			);
			defaultConfigurationIsVisible = 0;
		};
		A2A50E9E18F7C34900A8F0F5 /* Build configuration list for PBXNativeTarget "Git TestTests" */ = {
			isa = XCConfigurationList;
			buildConfigurations = (
				A2A50E9F18F7C34900A8F0F5 /* Debug */,
				A2A50EA018F7C34900A8F0F5 /* Release */,
			);
			defaultConfigurationIsVisible = 0;
		};
/* End XCConfigurationList section */
	};
	rootObject = A2A50E6118F7C34900A8F0F5 /* Project object */;
}
